
Microsoft Visual Studio Solution File, Format Version 12.00
# Visual Studio Version 17
VisualStudioVersion = 17.5.002.0
MinimumVisualStudioVersion = 10.0.40219.1
Project("{2150E333-8FDC-42A3-9474-1A3956D46DE8}") = "csharp-prep", "csharp-prep", "{87246CC5-E85F-4502-875A-C25463305A3A}"
EndProject
Project("{9A19103F-16F7-4668-BE54-9A1E7A4F7556}") = "Prep1", "csharp-prep\Prep1\Prep1.csproj", "{F054DCF7-7595-4D62-A3E2-23AEA20CDFD1}"
EndProject
Project("{9A19103F-16F7-4668-BE54-9A1E7A4F7556}") = "Prep2", "csharp-prep\Prep2\Prep2.csproj", "{53C5D944-EDF0-4911-8A5E-97607F9AA567}"
EndProject
Project("{9A19103F-16F7-4668-BE54-9A1E7A4F7556}") = "Prep3", "csharp-prep\Prep3\Prep3.csproj", "{721EBA93-047B-4DC7-8388-75F1B5A6CFE0}"
EndProject
Project("{9A19103F-16F7-4668-BE54-9A1E7A4F7556}") = "Prep4", "csharp-prep\Prep4\Prep4.csproj", "{455BF827-449B-4315-BC25-D0936AA8A0FF}"
EndProject
Project("{9A19103F-16F7-4668-BE54-9A1E7A4F7556}") = "Prep5", "csharp-prep\Prep5\Prep5.csproj", "{6C5CBF3B-6643-4378-B6B2-BBAA6FED7C3E}"
EndProject
Project("{2150E333-8FDC-42A3-9474-1A3956D46DE8}") = "final", "final", "{C626E7B2-3ADB-415B-8243-9B595EE21B0B}"
EndProject
Project("{9A19103F-16F7-4668-BE54-9A1E7A4F7556}") = "FinalProject", "final\FinalProject\FinalProject.csproj", "{FACB74B7-63AD-4379-93D0-BC8F68C6C041}"
EndProject
Project("{9A19103F-16F7-4668-BE54-9A1E7A4F7556}") = "Foundation1", "final\Foundation1\Foundation1.csproj", "{B2846372-16F8-46C0-AD66-FD4A542DDADC}"
EndProject
Project("{9A19103F-16F7-4668-BE54-9A1E7A4F7556}") = "Foundation2", "final\Foundation2\Foundation2.csproj", "{5C11ED29-6953-47E2-A1EF-C5CA9D93E918}"
EndProject
Project("{9A19103F-16F7-4668-BE54-9A1E7A4F7556}") = "Foundation3", "final\Foundation3\Foundation3.csproj", "{48F5E25C-DE8D-411E-9D64-B294847C39E1}"
EndProject
Project("{9A19103F-16F7-4668-BE54-9A1E7A4F7556}") = "Foundation4", "final\Foundation4\Foundation4.csproj", "{8AF61655-1E75-4DCC-9E43-BA4D42406BA5}"
EndProject
Project("{2150E333-8FDC-42A3-9474-1A3956D46DE8}") = "prepare", "prepare", "{9FD5B8DC-017D-4D95-9C0B-699D7C088275}"
EndProject
Project("{9A19103F-16F7-4668-BE54-9A1E7A4F7556}") = "Learning02", "prepare\Learning02\Learning02.csproj", "{38EB9043-A95A-4FD2-B5D1-6451BA6F3844}"
EndProject
Project("{9A19103F-16F7-4668-BE54-9A1E7A4F7556}") = "Learning03", "prepare\Learning03\Learning03.csproj", "{AC6E4C28-C98E-4A07-91B0-1843448E32E0}"
EndProject
Project("{9A19103F-16F7-4668-BE54-9A1E7A4F7556}") = "Learning04", "prepare\Learning04\Learning04.csproj", "{ECBC7E87-E578-42BA-870D-118B8A423CFB}"
EndProject
Project("{9A19103F-16F7-4668-BE54-9A1E7A4F7556}") = "Learning05", "prepare\Learning05\Learning05.csproj", "{AD084A89-CCC0-4B75-A6BE-89FE8B190913}"
EndProject
Project("{2150E333-8FDC-42A3-9474-1A3956D46DE8}") = "prove", "prove", "{53BCAFF1-3B13-456A-9B73-FF35087FFF68}"
EndProject
Project("{9A19103F-16F7-4668-BE54-9A1E7A4F7556}") = "Develop02", "prove\Develop02\Develop02.csproj", "{6C2CA0F6-F6F3-4E5D-8975-20EC6B6F6F82}"
EndProject
Project("{9A19103F-16F7-4668-BE54-9A1E7A4F7556}") = "Develop03", "prove\Develop03\Develop03.csproj", "{1AF01A13-D66B-439B-91DB-EE3DD46C5008}"
EndProject
Project("{9A19103F-16F7-4668-BE54-9A1E7A4F7556}") = "Develop04", "prove\Develop04\Develop04.csproj", "{7B5CDB4C-E167-45CA-9180-D41C0DEACD0A}"
EndProject
Project("{9A19103F-16F7-4668-BE54-9A1E7A4F7556}") = "Develop05", "prove\Develop05\Develop05.csproj", "{E1DA8F95-F4BF-4D8D-AE65-32F34D582E3B}"
EndProject
Project("{2150E333-8FDC-42A3-9474-1A3956D46DE8}") = "sandbox", "sandbox", "{01DAF75B-A14E-4A12-B2FB-A6527E157AD4}"
EndProject
Project("{9A19103F-16F7-4668-BE54-9A1E7A4F7556}") = "Sandbox", "sandbox\Sandbox\Sandbox.csproj", "{CEC15AB0-1FDB-42C0-BF60-6309EA68C1EA}"
EndProject
Global
	GlobalSection(SolutionConfigurationPlatforms) = preSolution
		Debug|Any CPU = Debug|Any CPU
		Release|Any CPU = Release|Any CPU
	EndGlobalSection
	GlobalSection(ProjectConfigurationPlatforms) = postSolution
		{F054DCF7-7595-4D62-A3E2-23AEA20CDFD1}.Debug|Any CPU.ActiveCfg = Debug|Any CPU
		{F054DCF7-7595-4D62-A3E2-23AEA20CDFD1}.Debug|Any CPU.Build.0 = Debug|Any CPU
		{F054DCF7-7595-4D62-A3E2-23AEA20CDFD1}.Release|Any CPU.ActiveCfg = Release|Any CPU
		{F054DCF7-7595-4D62-A3E2-23AEA20CDFD1}.Release|Any CPU.Build.0 = Release|Any CPU
		{53C5D944-EDF0-4911-8A5E-97607F9AA567}.Debug|Any CPU.ActiveCfg = Debug|Any CPU
		{53C5D944-EDF0-4911-8A5E-97607F9AA567}.Debug|Any CPU.Build.0 = Debug|Any CPU
		{53C5D944-EDF0-4911-8A5E-97607F9AA567}.Release|Any CPU.ActiveCfg = Release|Any CPU
		{53C5D944-EDF0-4911-8A5E-97607F9AA567}.Release|Any CPU.Build.0 = Release|Any CPU
		{721EBA93-047B-4DC7-8388-75F1B5A6CFE0}.Debug|Any CPU.ActiveCfg = Debug|Any CPU
		{721EBA93-047B-4DC7-8388-75F1B5A6CFE0}.Debug|Any CPU.Build.0 = Debug|Any CPU
		{721EBA93-047B-4DC7-8388-75F1B5A6CFE0}.Release|Any CPU.ActiveCfg = Release|Any CPU
		{721EBA93-047B-4DC7-8388-75F1B5A6CFE0}.Release|Any CPU.Build.0 = Release|Any CPU
		{455BF827-449B-4315-BC25-D0936AA8A0FF}.Debug|Any CPU.ActiveCfg = Debug|Any CPU
		{455BF827-449B-4315-BC25-D0936AA8A0FF}.Debug|Any CPU.Build.0 = Debug|Any CPU
		{455BF827-449B-4315-BC25-D0936AA8A0FF}.Release|Any CPU.ActiveCfg = Release|Any CPU
		{455BF827-449B-4315-BC25-D0936AA8A0FF}.Release|Any CPU.Build.0 = Release|Any CPU
		{6C5CBF3B-6643-4378-B6B2-BBAA6FED7C3E}.Debug|Any CPU.ActiveCfg = Debug|Any CPU
		{6C5CBF3B-6643-4378-B6B2-BBAA6FED7C3E}.Debug|Any CPU.Build.0 = Debug|Any CPU
		{6C5CBF3B-6643-4378-B6B2-BBAA6FED7C3E}.Release|Any CPU.ActiveCfg = Release|Any CPU
		{6C5CBF3B-6643-4378-B6B2-BBAA6FED7C3E}.Release|Any CPU.Build.0 = Release|Any CPU
		{FACB74B7-63AD-4379-93D0-BC8F68C6C041}.Debug|Any CPU.ActiveCfg = Debug|Any CPU
		{FACB74B7-63AD-4379-93D0-BC8F68C6C041}.Debug|Any CPU.Build.0 = Debug|Any CPU
		{FACB74B7-63AD-4379-93D0-BC8F68C6C041}.Release|Any CPU.ActiveCfg = Release|Any CPU
		{FACB74B7-63AD-4379-93D0-BC8F68C6C041}.Release|Any CPU.Build.0 = Release|Any CPU
		{B2846372-16F8-46C0-AD66-FD4A542DDADC}.Debug|Any CPU.ActiveCfg = Debug|Any CPU
		{B2846372-16F8-46C0-AD66-FD4A542DDADC}.Debug|Any CPU.Build.0 = Debug|Any CPU
		{B2846372-16F8-46C0-AD66-FD4A542DDADC}.Release|Any CPU.ActiveCfg = Release|Any CPU
		{B2846372-16F8-46C0-AD66-FD4A542DDADC}.Release|Any CPU.Build.0 = Release|Any CPU
		{5C11ED29-6953-47E2-A1EF-C5CA9D93E918}.Debug|Any CPU.ActiveCfg = Debug|Any CPU
		{5C11ED29-6953-47E2-A1EF-C5CA9D93E918}.Debug|Any CPU.Build.0 = Debug|Any CPU
		{5C11ED29-6953-47E2-A1EF-C5CA9D93E918}.Release|Any CPU.ActiveCfg = Release|Any CPU
		{5C11ED29-6953-47E2-A1EF-C5CA9D93E918}.Release|Any CPU.Build.0 = Release|Any CPU
		{48F5E25C-DE8D-411E-9D64-B294847C39E1}.Debug|Any CPU.ActiveCfg = Debug|Any CPU
		{48F5E25C-DE8D-411E-9D64-B294847C39E1}.Debug|Any CPU.Build.0 = Debug|Any CPU
		{48F5E25C-DE8D-411E-9D64-B294847C39E1}.Release|Any CPU.ActiveCfg = Release|Any CPU
		{48F5E25C-DE8D-411E-9D64-B294847C39E1}.Release|Any CPU.Build.0 = Release|Any CPU
		{8AF61655-1E75-4DCC-9E43-BA4D42406BA5}.Debug|Any CPU.ActiveCfg = Debug|Any CPU
		{8AF61655-1E75-4DCC-9E43-BA4D42406BA5}.Debug|Any CPU.Build.0 = Debug|Any CPU
		{8AF61655-1E75-4DCC-9E43-BA4D42406BA5}.Release|Any CPU.ActiveCfg = Release|Any CPU
		{8AF61655-1E75-4DCC-9E43-BA4D42406BA5}.Release|Any CPU.Build.0 = Release|Any CPU
		{38EB9043-A95A-4FD2-B5D1-6451BA6F3844}.Debug|Any CPU.ActiveCfg = Debug|Any CPU
		{38EB9043-A95A-4FD2-B5D1-6451BA6F3844}.Debug|Any CPU.Build.0 = Debug|Any CPU
		{38EB9043-A95A-4FD2-B5D1-6451BA6F3844}.Release|Any CPU.ActiveCfg = Release|Any CPU
		{38EB9043-A95A-4FD2-B5D1-6451BA6F3844}.Release|Any CPU.Build.0 = Release|Any CPU
		{AC6E4C28-C98E-4A07-91B0-1843448E32E0}.Debug|Any CPU.ActiveCfg = Debug|Any CPU
		{AC6E4C28-C98E-4A07-91B0-1843448E32E0}.Debug|Any CPU.Build.0 = Debug|Any CPU
		{AC6E4C28-C98E-4A07-91B0-1843448E32E0}.Release|Any CPU.ActiveCfg = Release|Any CPU
		{AC6E4C28-C98E-4A07-91B0-1843448E32E0}.Release|Any CPU.Build.0 = Release|Any CPU
		{ECBC7E87-E578-42BA-870D-118B8A423CFB}.Debug|Any CPU.ActiveCfg = Debug|Any CPU
		{ECBC7E87-E578-42BA-870D-118B8A423CFB}.Debug|Any CPU.Build.0 = Debug|Any CPU
		{ECBC7E87-E578-42BA-870D-118B8A423CFB}.Release|Any CPU.ActiveCfg = Release|Any CPU
		{ECBC7E87-E578-42BA-870D-118B8A423CFB}.Release|Any CPU.Build.0 = Release|Any CPU
		{AD084A89-CCC0-4B75-A6BE-89FE8B190913}.Debug|Any CPU.ActiveCfg = Debug|Any CPU
		{AD084A89-CCC0-4B75-A6BE-89FE8B190913}.Debug|Any CPU.Build.0 = Debug|Any CPU
		{AD084A89-CCC0-4B75-A6BE-89FE8B190913}.Release|Any CPU.ActiveCfg = Release|Any CPU
		{AD084A89-CCC0-4B75-A6BE-89FE8B190913}.Release|Any CPU.Build.0 = Release|Any CPU
		{6C2CA0F6-F6F3-4E5D-8975-20EC6B6F6F82}.Debug|Any CPU.ActiveCfg = Debug|Any CPU
		{6C2CA0F6-F6F3-4E5D-8975-20EC6B6F6F82}.Debug|Any CPU.Build.0 = Debug|Any CPU
		{6C2CA0F6-F6F3-4E5D-8975-20EC6B6F6F82}.Release|Any CPU.ActiveCfg = Release|Any CPU
		{6C2CA0F6-F6F3-4E5D-8975-20EC6B6F6F82}.Release|Any CPU.Build.0 = Release|Any CPU
		{1AF01A13-D66B-439B-91DB-EE3DD46C5008}.Debug|Any CPU.ActiveCfg = Debug|Any CPU
		{1AF01A13-D66B-439B-91DB-EE3DD46C5008}.Debug|Any CPU.Build.0 = Debug|Any CPU
		{1AF01A13-D66B-439B-91DB-EE3DD46C5008}.Release|Any CPU.ActiveCfg = Release|Any CPU
		{1AF01A13-D66B-439B-91DB-EE3DD46C5008}.Release|Any CPU.Build.0 = Release|Any CPU
		{7B5CDB4C-E167-45CA-9180-D41C0DEACD0A}.Debug|Any CPU.ActiveCfg = Debug|Any CPU
		{7B5CDB4C-E167-45CA-9180-D41C0DEACD0A}.Debug|Any CPU.Build.0 = Debug|Any CPU
		{7B5CDB4C-E167-45CA-9180-D41C0DEACD0A}.Release|Any CPU.ActiveCfg = Release|Any CPU
		{7B5CDB4C-E167-45CA-9180-D41C0DEACD0A}.Release|Any CPU.Build.0 = Release|Any CPU
		{E1DA8F95-F4BF-4D8D-AE65-32F34D582E3B}.Debug|Any CPU.ActiveCfg = Debug|Any CPU
		{E1DA8F95-F4BF-4D8D-AE65-32F34D582E3B}.Debug|Any CPU.Build.0 = Debug|Any CPU
		{E1DA8F95-F4BF-4D8D-AE65-32F34D582E3B}.Release|Any CPU.ActiveCfg = Release|Any CPU
		{E1DA8F95-F4BF-4D8D-AE65-32F34D582E3B}.Release|Any CPU.Build.0 = Release|Any CPU
		{CEC15AB0-1FDB-42C0-BF60-6309EA68C1EA}.Debug|Any CPU.ActiveCfg = Debug|Any CPU
		{CEC15AB0-1FDB-42C0-BF60-6309EA68C1EA}.Debug|Any CPU.Build.0 = Debug|Any CPU
		{CEC15AB0-1FDB-42C0-BF60-6309EA68C1EA}.Release|Any CPU.ActiveCfg = Release|Any CPU
		{CEC15AB0-1FDB-42C0-BF60-6309EA68C1EA}.Release|Any CPU.Build.0 = Release|Any CPU
	EndGlobalSection
	GlobalSection(SolutionProperties) = preSolution
		HideSolutionNode = FALSE
	EndGlobalSection
	GlobalSection(NestedProjects) = preSolution
		{F054DCF7-7595-4D62-A3E2-23AEA20CDFD1} = {87246CC5-E85F-4502-875A-C25463305A3A}
		{53C5D944-EDF0-4911-8A5E-97607F9AA567} = {87246CC5-E85F-4502-875A-C25463305A3A}
		{721EBA93-047B-4DC7-8388-75F1B5A6CFE0} = {87246CC5-E85F-4502-875A-C25463305A3A}
		{455BF827-449B-4315-BC25-D0936AA8A0FF} = {87246CC5-E85F-4502-875A-C25463305A3A}
		{6C5CBF3B-6643-4378-B6B2-BBAA6FED7C3E} = {87246CC5-E85F-4502-875A-C25463305A3A}
		{FACB74B7-63AD-4379-93D0-BC8F68C6C041} = {C626E7B2-3ADB-415B-8243-9B595EE21B0B}
		{B2846372-16F8-46C0-AD66-FD4A542DDADC} = {C626E7B2-3ADB-415B-8243-9B595EE21B0B}
		{5C11ED29-6953-47E2-A1EF-C5CA9D93E918} = {C626E7B2-3ADB-415B-8243-9B595EE21B0B}
		{48F5E25C-DE8D-411E-9D64-B294847C39E1} = {C626E7B2-3ADB-415B-8243-9B595EE21B0B}
		{8AF61655-1E75-4DCC-9E43-BA4D42406BA5} = {C626E7B2-3ADB-415B-8243-9B595EE21B0B}
		{38EB9043-A95A-4FD2-B5D1-6451BA6F3844} = {9FD5B8DC-017D-4D95-9C0B-699D7C088275}
		{AC6E4C28-C98E-4A07-91B0-1843448E32E0} = {9FD5B8DC-017D-4D95-9C0B-699D7C088275}
		{ECBC7E87-E578-42BA-870D-118B8A423CFB} = {9FD5B8DC-017D-4D95-9C0B-699D7C088275}
		{AD084A89-CCC0-4B75-A6BE-89FE8B190913} = {9FD5B8DC-017D-4D95-9C0B-699D7C088275}
		{6C2CA0F6-F6F3-4E5D-8975-20EC6B6F6F82} = {53BCAFF1-3B13-456A-9B73-FF35087FFF68}
		{1AF01A13-D66B-439B-91DB-EE3DD46C5008} = {53BCAFF1-3B13-456A-9B73-FF35087FFF68}
		{7B5CDB4C-E167-45CA-9180-D41C0DEACD0A} = {53BCAFF1-3B13-456A-9B73-FF35087FFF68}
		{E1DA8F95-F4BF-4D8D-AE65-32F34D582E3B} = {53BCAFF1-3B13-456A-9B73-FF35087FFF68}
		{CEC15AB0-1FDB-42C0-BF60-6309EA68C1EA} = {01DAF75B-A14E-4A12-B2FB-A6527E157AD4}
	EndGlobalSection
	GlobalSection(ExtensibilityGlobals) = postSolution
		SolutionGuid = {53A5EAA9-1807-4E72-B57C-5FDBC4F745A6}
	EndGlobalSection
EndGlobal
